
Microsoft Visual Studio Solution File, Format Version 12.00
# Visual Studio 15
VisualStudioVersion = 15.0.28307.960
MinimumVisualStudioVersion = 10.0.40219.1
Project("{8BC9CEB8-8B4A-11D0-8D11-00A0C91BC942}") = "BaekJoon_in_Cpp", "BaekJoon_in_Cpp\BaekJoon_in_Cpp.vcxproj", "{166B37B3-DB42-44BE-8981-2F3B6756A725}"
EndProject
Project("{8BC9CEB8-8B4A-11D0-8D11-00A0C91BC942}") = "[11729]rHanoi_Tower", "[11729]rHanoi_Tower\[11729]rHanoi_Tower.vcxproj", "{DA8CD7A9-715E-42D1-86AB-ADA9FFFDE637}"
EndProject
Project("{8BC9CEB8-8B4A-11D0-8D11-00A0C91BC942}") = "[2798]BlackJack", "[2798]BlackJack\[2798]BlackJack.vcxproj", "{B40E6C0C-0E87-4359-B9DD-8498DBF922DD}"
EndProject
Project("{8BC9CEB8-8B4A-11D0-8D11-00A0C91BC942}") = "Q1463_", "Q1463_\Q1463_.vcxproj", "{EC4F024D-E26C-4B99-9DB7-324EC863E77C}"
EndProject
Global
	GlobalSection(SolutionConfigurationPlatforms) = preSolution
		Debug|x64 = Debug|x64
		Debug|x86 = Debug|x86
		Release|x64 = Release|x64
		Release|x86 = Release|x86
	EndGlobalSection
	GlobalSection(ProjectConfigurationPlatforms) = postSolution
		{166B37B3-DB42-44BE-8981-2F3B6756A725}.Debug|x64.ActiveCfg = Debug|x64
		{166B37B3-DB42-44BE-8981-2F3B6756A725}.Debug|x64.Build.0 = Debug|x64
		{166B37B3-DB42-44BE-8981-2F3B6756A725}.Debug|x86.ActiveCfg = Debug|Win32
		{166B37B3-DB42-44BE-8981-2F3B6756A725}.Debug|x86.Build.0 = Debug|Win32
		{166B37B3-DB42-44BE-8981-2F3B6756A725}.Release|x64.ActiveCfg = Release|x64
		{166B37B3-DB42-44BE-8981-2F3B6756A725}.Release|x64.Build.0 = Release|x64
		{166B37B3-DB42-44BE-8981-2F3B6756A725}.Release|x86.ActiveCfg = Release|Win32
		{166B37B3-DB42-44BE-8981-2F3B6756A725}.Release|x86.Build.0 = Release|Win32
		{DA8CD7A9-715E-42D1-86AB-ADA9FFFDE637}.Debug|x64.ActiveCfg = Debug|x64
		{DA8CD7A9-715E-42D1-86AB-ADA9FFFDE637}.Debug|x64.Build.0 = Debug|x64
		{DA8CD7A9-715E-42D1-86AB-ADA9FFFDE637}.Debug|x86.ActiveCfg = Debug|Win32
		{DA8CD7A9-715E-42D1-86AB-ADA9FFFDE637}.Debug|x86.Build.0 = Debug|Win32
		{DA8CD7A9-715E-42D1-86AB-ADA9FFFDE637}.Release|x64.ActiveCfg = Release|x64
		{DA8CD7A9-715E-42D1-86AB-ADA9FFFDE637}.Release|x64.Build.0 = Release|x64
		{DA8CD7A9-715E-42D1-86AB-ADA9FFFDE637}.Release|x86.ActiveCfg = Release|Win32
		{DA8CD7A9-715E-42D1-86AB-ADA9FFFDE637}.Release|x86.Build.0 = Release|Win32
		{B40E6C0C-0E87-4359-B9DD-8498DBF922DD}.Debug|x64.ActiveCfg = Debug|x64
		{B40E6C0C-0E87-4359-B9DD-8498DBF922DD}.Debug|x64.Build.0 = Debug|x64
		{B40E6C0C-0E87-4359-B9DD-8498DBF922DD}.Debug|x86.ActiveCfg = Debug|Win32
		{B40E6C0C-0E87-4359-B9DD-8498DBF922DD}.Debug|x86.Build.0 = Debug|Win32
		{B40E6C0C-0E87-4359-B9DD-8498DBF922DD}.Release|x64.ActiveCfg = Release|x64
		{B40E6C0C-0E87-4359-B9DD-8498DBF922DD}.Release|x64.Build.0 = Release|x64
		{B40E6C0C-0E87-4359-B9DD-8498DBF922DD}.Release|x86.ActiveCfg = Release|Win32
		{B40E6C0C-0E87-4359-B9DD-8498DBF922DD}.Release|x86.Build.0 = Release|Win32
		{EC4F024D-E26C-4B99-9DB7-324EC863E77C}.Debug|x64.ActiveCfg = Debug|x64
		{EC4F024D-E26C-4B99-9DB7-324EC863E77C}.Debug|x64.Build.0 = Debug|x64
		{EC4F024D-E26C-4B99-9DB7-324EC863E77C}.Debug|x86.ActiveCfg = Debug|Win32
		{EC4F024D-E26C-4B99-9DB7-324EC863E77C}.Debug|x86.Build.0 = Debug|Win32
		{EC4F024D-E26C-4B99-9DB7-324EC863E77C}.Release|x64.ActiveCfg = Release|x64
		{EC4F024D-E26C-4B99-9DB7-324EC863E77C}.Release|x64.Build.0 = Release|x64
		{EC4F024D-E26C-4B99-9DB7-324EC863E77C}.Release|x86.ActiveCfg = Release|Win32
		{EC4F024D-E26C-4B99-9DB7-324EC863E77C}.Release|x86.Build.0 = Release|Win32
	EndGlobalSection
	GlobalSection(SolutionProperties) = preSolution
		HideSolutionNode = FALSE
	EndGlobalSection
	GlobalSection(ExtensibilityGlobals) = postSolution
		SolutionGuid = {749B6003-7661-4F6D-A03B-D0FC9C40EA8C}
	EndGlobalSection
EndGlobal
